# This file is generated by running "yarn install" inside your project.
# Manual changes might be lost - proceed with caution!

__metadata:
  version: 6
  cacheKey: 8

"eulers-boilers-2023@workspace:.":
  version: 0.0.0-use.local
  resolution: "eulers-boilers-2023@workspace:."
  dependencies:
    fs: ^0.0.1-security
  languageName: unknown
  linkType: soft

"fs@npm:^0.0.1-security":
  version: 0.0.1-security
  resolution: "fs@npm:0.0.1-security"
  checksum: 53c6230e1faae9fa32c1df82c16a84b51b1243d20f3da2b64bd110bb472b73b9185169b703e008356e3cdc92d155088b617d9d39a63b5227a30b3621baad7f5d
  languageName: node
  linkType: hard
